
Microsoft Visual Studio Solution File, Format Version 12.00
# Visual Studio Version 17
VisualStudioVersion = 17.1.32421.90
MinimumVisualStudioVersion = 10.0.40219.1
Project("{FAE04EC0-301F-11D3-BF4B-00C04F79EFBC}") = "Yoizen_SAT", "Yoizen_SAT\Yoizen_SAT.csproj", "{CC22422C-8E44-4D94-9A18-37CDEBF47CD7}"
EndProject
Project("{FAE04EC0-301F-11D3-BF4B-00C04F79EFBC}") = "Yoizen.Business", "Yoizen.Business\Yoizen.Business.csproj", "{F4CB8A1A-8B50-4B40-A546-C5A50C4271C1}"
EndProject
Project("{FAE04EC0-301F-11D3-BF4B-00C04F79EFBC}") = "Yoizen.Data", "Yoizen.Data\Yoizen.Data.csproj", "{01A6E9F0-2ABD-4C99-8E05-A052B088A498}"
EndProject
Global
	GlobalSection(SolutionConfigurationPlatforms) = preSolution
		Debug|Any CPU = Debug|Any CPU
		Release|Any CPU = Release|Any CPU
	EndGlobalSection
	GlobalSection(ProjectConfigurationPlatforms) = postSolution
		{CC22422C-8E44-4D94-9A18-37CDEBF47CD7}.Debug|Any CPU.ActiveCfg = Debug|Any CPU
		{CC22422C-8E44-4D94-9A18-37CDEBF47CD7}.Debug|Any CPU.Build.0 = Debug|Any CPU
		{CC22422C-8E44-4D94-9A18-37CDEBF47CD7}.Release|Any CPU.ActiveCfg = Release|Any CPU
		{CC22422C-8E44-4D94-9A18-37CDEBF47CD7}.Release|Any CPU.Build.0 = Release|Any CPU
		{F4CB8A1A-8B50-4B40-A546-C5A50C4271C1}.Debug|Any CPU.ActiveCfg = Debug|Any CPU
		{F4CB8A1A-8B50-4B40-A546-C5A50C4271C1}.Debug|Any CPU.Build.0 = Debug|Any CPU
		{F4CB8A1A-8B50-4B40-A546-C5A50C4271C1}.Release|Any CPU.ActiveCfg = Release|Any CPU
		{F4CB8A1A-8B50-4B40-A546-C5A50C4271C1}.Release|Any CPU.Build.0 = Release|Any CPU
		{01A6E9F0-2ABD-4C99-8E05-A052B088A498}.Debug|Any CPU.ActiveCfg = Debug|Any CPU
		{01A6E9F0-2ABD-4C99-8E05-A052B088A498}.Debug|Any CPU.Build.0 = Debug|Any CPU
		{01A6E9F0-2ABD-4C99-8E05-A052B088A498}.Release|Any CPU.ActiveCfg = Release|Any CPU
		{01A6E9F0-2ABD-4C99-8E05-A052B088A498}.Release|Any CPU.Build.0 = Release|Any CPU
	EndGlobalSection
	GlobalSection(SolutionProperties) = preSolution
		HideSolutionNode = FALSE
	EndGlobalSection
	GlobalSection(ExtensibilityGlobals) = postSolution
		SolutionGuid = {5F5AC6CB-260E-4100-A233-55625A410A6B}
	EndGlobalSection
EndGlobal
